// !$*UTF8*$!
{
	archiveVersion = 1;
	classes = {
	};
	objectVersion = 50;
	objects = {

/* Begin PBXBuildFile section */
		498BBCB925E4015D00C0D065 /* AppDelegate.swift in Sources */ = {isa = PBXBuildFile; fileRef = 498BBCB825E4015D00C0D065 /* AppDelegate.swift */; };
		498BBCBB25E4015D00C0D065 /* SceneDelegate.swift in Sources */ = {isa = PBXBuildFile; fileRef = 498BBCBA25E4015D00C0D065 /* SceneDelegate.swift */; };
		498BBCC025E4015D00C0D065 /* Main.storyboard in Resources */ = {isa = PBXBuildFile; fileRef = 498BBCBE25E4015D00C0D065 /* Main.storyboard */; };
		498BBCC225E4015F00C0D065 /* Assets.xcassets in Resources */ = {isa = PBXBuildFile; fileRef = 498BBCC125E4015F00C0D065 /* Assets.xcassets */; };
		498BBCC525E4015F00C0D065 /* LaunchScreen.storyboard in Resources */ = {isa = PBXBuildFile; fileRef = 498BBCC325E4015F00C0D065 /* LaunchScreen.storyboard */; };
		498BBCD725E4048100C0D065 /* DataManger.swift in Sources */ = {isa = PBXBuildFile; fileRef = 498BBCD625E4048100C0D065 /* DataManger.swift */; };
		498BBCDB25E4069700C0D065 /* Person.swift in Sources */ = {isa = PBXBuildFile; fileRef = 498BBCDA25E4069700C0D065 /* Person.swift */; };
		498BBCDF25E40EE300C0D065 /* TabBarViewController.swift in Sources */ = {isa = PBXBuildFile; fileRef = 498BBCDE25E40EE300C0D065 /* TabBarViewController.swift */; };
		498BBCE225E40F0900C0D065 /* ContactListViewController.swift in Sources */ = {isa = PBXBuildFile; fileRef = 498BBCE125E40F0900C0D065 /* ContactListViewController.swift */; };
		498BBCE525E40F2300C0D065 /* ContactDetailsViewController.swift in Sources */ = {isa = PBXBuildFile; fileRef = 498BBCE425E40F2300C0D065 /* ContactDetailsViewController.swift */; };
		498BBCE825E40F4400C0D065 /* PersonsListViewController.swift in Sources */ = {isa = PBXBuildFile; fileRef = 498BBCE725E40F4400C0D065 /* PersonsListViewController.swift */; };
/* End PBXBuildFile section */

/* Begin PBXFileReference section */
		498BBCB525E4015D00C0D065 /* Contacts App.app */ = {isa = PBXFileReference; explicitFileType = wrapper.application; includeInIndex = 0; path = "Contacts App.app"; sourceTree = BUILT_PRODUCTS_DIR; };
		498BBCB825E4015D00C0D065 /* AppDelegate.swift */ = {isa = PBXFileReference; lastKnownFileType = sourcecode.swift; path = AppDelegate.swift; sourceTree = "<group>"; };
		498BBCBA25E4015D00C0D065 /* SceneDelegate.swift */ = {isa = PBXFileReference; lastKnownFileType = sourcecode.swift; path = SceneDelegate.swift; sourceTree = "<group>"; };
		498BBCBF25E4015D00C0D065 /* Base */ = {isa = PBXFileReference; lastKnownFileType = file.storyboard; name = Base; path = Base.lproj/Main.storyboard; sourceTree = "<group>"; };
		498BBCC125E4015F00C0D065 /* Assets.xcassets */ = {isa = PBXFileReference; lastKnownFileType = folder.assetcatalog; path = Assets.xcassets; sourceTree = "<group>"; };
		498BBCC425E4015F00C0D065 /* Base */ = {isa = PBXFileReference; lastKnownFileType = file.storyboard; name = Base; path = Base.lproj/LaunchScreen.storyboard; sourceTree = "<group>"; };
		498BBCC625E4015F00C0D065 /* Info.plist */ = {isa = PBXFileReference; lastKnownFileType = text.plist.xml; path = Info.plist; sourceTree = "<group>"; };
		498BBCD625E4048100C0D065 /* DataManger.swift */ = {isa = PBXFileReference; lastKnownFileType = sourcecode.swift; path = DataManger.swift; sourceTree = "<group>"; };
		498BBCDA25E4069700C0D065 /* Person.swift */ = {isa = PBXFileReference; lastKnownFileType = sourcecode.swift; path = Person.swift; sourceTree = "<group>"; };
		498BBCDE25E40EE300C0D065 /* TabBarViewController.swift */ = {isa = PBXFileReference; lastKnownFileType = sourcecode.swift; path = TabBarViewController.swift; sourceTree = "<group>"; };
		498BBCE125E40F0900C0D065 /* ContactListViewController.swift */ = {isa = PBXFileReference; lastKnownFileType = sourcecode.swift; path = ContactListViewController.swift; sourceTree = "<group>"; };
		498BBCE425E40F2300C0D065 /* ContactDetailsViewController.swift */ = {isa = PBXFileReference; lastKnownFileType = sourcecode.swift; path = ContactDetailsViewController.swift; sourceTree = "<group>"; };
		498BBCE725E40F4400C0D065 /* PersonsListViewController.swift */ = {isa = PBXFileReference; lastKnownFileType = sourcecode.swift; path = PersonsListViewController.swift; sourceTree = "<group>"; };
/* End PBXFileReference section */

/* Begin PBXFrameworksBuildPhase section */
		498BBCB225E4015D00C0D065 /* Frameworks */ = {
			isa = PBXFrameworksBuildPhase;
			buildActionMask = 2147483647;
			files = (
			);
			runOnlyForDeploymentPostprocessing = 0;
		};
/* End PBXFrameworksBuildPhase section */

/* Begin PBXGroup section */
		498BBCAC25E4015D00C0D065 = {
			isa = PBXGroup;
			children = (
				498BBCB725E4015D00C0D065 /* Contacts App */,
				498BBCB625E4015D00C0D065 /* Products */,
			);
			sourceTree = "<group>";
		};
		498BBCB625E4015D00C0D065 /* Products */ = {
			isa = PBXGroup;
			children = (
				498BBCB525E4015D00C0D065 /* Contacts App.app */,
			);
			name = Products;
			sourceTree = "<group>";
		};
		498BBCB725E4015D00C0D065 /* Contacts App */ = {
			isa = PBXGroup;
			children = (
				498BBCD525E4046D00C0D065 /* Models */,
				498BBCCF25E4020700C0D065 /* Supporting Files */,
				498BBCD225E4022300C0D065 /* ViewControllers */,
				498BBCCE25E401EB00C0D065 /* Storyboards */,
				498BBCD125E4021800C0D065 /* Resources */,
			);
			path = "Contacts App";
			sourceTree = "<group>";
		};
		498BBCCE25E401EB00C0D065 /* Storyboards */ = {
			isa = PBXGroup;
			children = (
				498BBCBE25E4015D00C0D065 /* Main.storyboard */,
				498BBCC325E4015F00C0D065 /* LaunchScreen.storyboard */,
			);
			path = Storyboards;
			sourceTree = "<group>";
		};
		498BBCCF25E4020700C0D065 /* Supporting Files */ = {
			isa = PBXGroup;
			children = (
				498BBCB825E4015D00C0D065 /* AppDelegate.swift */,
				498BBCBA25E4015D00C0D065 /* SceneDelegate.swift */,
				498BBCC625E4015F00C0D065 /* Info.plist */,
			);
			path = "Supporting Files";
			sourceTree = "<group>";
		};
		498BBCD125E4021800C0D065 /* Resources */ = {
			isa = PBXGroup;
			children = (
				498BBCC125E4015F00C0D065 /* Assets.xcassets */,
			);
			path = Resources;
			sourceTree = "<group>";
		};
		498BBCD225E4022300C0D065 /* ViewControllers */ = {
			isa = PBXGroup;
			children = (
				498BBCDE25E40EE300C0D065 /* TabBarViewController.swift */,
				498BBCE125E40F0900C0D065 /* ContactListViewController.swift */,
				498BBCE425E40F2300C0D065 /* ContactDetailsViewController.swift */,
				498BBCE725E40F4400C0D065 /* PersonsListViewController.swift */,
			);
			path = ViewControllers;
			sourceTree = "<group>";
		};
		498BBCD525E4046D00C0D065 /* Models */ = {
			isa = PBXGroup;
			children = (
				498BBCD625E4048100C0D065 /* DataManger.swift */,
				498BBCDA25E4069700C0D065 /* Person.swift */,
			);
			path = Models;
			sourceTree = "<group>";
		};
/* End PBXGroup section */

/* Begin PBXNativeTarget section */
		498BBCB425E4015D00C0D065 /* Contacts App */ = {
			isa = PBXNativeTarget;
			buildConfigurationList = 498BBCC925E4015F00C0D065 /* Build configuration list for PBXNativeTarget "Contacts App" */;
			buildPhases = (
				498BBCB125E4015D00C0D065 /* Sources */,
				498BBCB225E4015D00C0D065 /* Frameworks */,
				498BBCB325E4015D00C0D065 /* Resources */,
			);
			buildRules = (
			);
			dependencies = (
			);
			name = "Contacts App";
			productName = "Contacts App";
			productReference = 498BBCB525E4015D00C0D065 /* Contacts App.app */;
			productType = "com.apple.product-type.application";
		};
/* End PBXNativeTarget section */

/* Begin PBXProject section */
		498BBCAD25E4015D00C0D065 /* Project object */ = {
			isa = PBXProject;
			attributes = {
				LastSwiftUpdateCheck = 1240;
				LastUpgradeCheck = 1240;
				TargetAttributes = {
					498BBCB425E4015D00C0D065 = {
						CreatedOnToolsVersion = 12.4;
					};
				};
			};
			buildConfigurationList = 498BBCB025E4015D00C0D065 /* Build configuration list for PBXProject "Contacts App" */;
			compatibilityVersion = "Xcode 9.3";
			developmentRegion = en;
			hasScannedForEncodings = 0;
			knownRegions = (
				en,
				Base,
			);
			mainGroup = 498BBCAC25E4015D00C0D065;
			productRefGroup = 498BBCB625E4015D00C0D065 /* Products */;
			projectDirPath = "";
			projectRoot = "";
			targets = (
				498BBCB425E4015D00C0D065 /* Contacts App */,
			);
		};
/* End PBXProject section */

/* Begin PBXResourcesBuildPhase section */
		498BBCB325E4015D00C0D065 /* Resources */ = {
			isa = PBXResourcesBuildPhase;
			buildActionMask = 2147483647;
			files = (
				498BBCC525E4015F00C0D065 /* LaunchScreen.storyboard in Resources */,
				498BBCC225E4015F00C0D065 /* Assets.xcassets in Resources */,
				498BBCC025E4015D00C0D065 /* Main.storyboard in Resources */,
			);
			runOnlyForDeploymentPostprocessing = 0;
		};
/* End PBXResourcesBuildPhase section */

/* Begin PBXSourcesBuildPhase section */
		498BBCB125E4015D00C0D065 /* Sources */ = {
			isa = PBXSourcesBuildPhase;
			buildActionMask = 2147483647;
			files = (
				498BBCDB25E4069700C0D065 /* Person.swift in Sources */,
				498BBCE525E40F2300C0D065 /* ContactDetailsViewController.swift in Sources */,
				498BBCB925E4015D00C0D065 /* AppDelegate.swift in Sources */,
				498BBCBB25E4015D00C0D065 /* SceneDelegate.swift in Sources */,
				498BBCDF25E40EE300C0D065 /* TabBarViewController.swift in Sources */,
				498BBCD725E4048100C0D065 /* DataManger.swift in Sources */,
				498BBCE225E40F0900C0D065 /* ContactListViewController.swift in Sources */,
				498BBCE825E40F4400C0D065 /* PersonsListViewController.swift in Sources */,
			);
			runOnlyForDeploymentPostprocessing = 0;
		};
/* End PBXSourcesBuildPhase section */

/* Begin PBXVariantGroup section */
		498BBCBE25E4015D00C0D065 /* Main.storyboard */ = {
			isa = PBXVariantGroup;
			children = (
				498BBCBF25E4015D00C0D065 /* Base */,
			);
			name = Main.storyboard;
			sourceTree = "<group>";
		};
		498BBCC325E4015F00C0D065 /* LaunchScreen.storyboard */ = {
			isa = PBXVariantGroup;
			children = (
				498BBCC425E4015F00C0D065 /* Base */,
			);
			name = LaunchScreen.storyboard;
			sourceTree = "<group>";
		};
/* End PBXVariantGroup section */

/* Begin XCBuildConfiguration section */
		498BBCC725E4015F00C0D065 /* Debug */ = {
			isa = XCBuildConfiguration;
			buildSettings = {
				ALWAYS_SEARCH_USER_PATHS = NO;
				CLANG_ANALYZER_NONNULL = YES;
				CLANG_ANALYZER_NUMBER_OBJECT_CONVERSION = YES_AGGRESSIVE;
				CLANG_CXX_LANGUAGE_STANDARD = "gnu++14";
				CLANG_CXX_LIBRARY = "libc++";
				CLANG_ENABLE_MODULES = YES;
				CLANG_ENABLE_OBJC_ARC = YES;
				CLANG_ENABLE_OBJC_WEAK = YES;
				CLANG_WARN_BLOCK_CAPTURE_AUTORELEASING = YES;
				CLANG_WARN_BOOL_CONVERSION = YES;
				CLANG_WARN_COMMA = YES;
				CLANG_WARN_CONSTANT_CONVERSION = YES;
				CLANG_WARN_DEPRECATED_OBJC_IMPLEMENTATIONS = YES;
				CLANG_WARN_DIRECT_OBJC_ISA_USAGE = YES_ERROR;
				CLANG_WARN_DOCUMENTATION_COMMENTS = YES;
				CLANG_WARN_EMPTY_BODY = YES;
				CLANG_WARN_ENUM_CONVERSION = YES;
				CLANG_WARN_INFINITE_RECURSION = YES;
				CLANG_WARN_INT_CONVERSION = YES;
				CLANG_WARN_NON_LITERAL_NULL_CONVERSION = YES;
				CLANG_WARN_OBJC_IMPLICIT_RETAIN_SELF = YES;
				CLANG_WARN_OBJC_LITERAL_CONVERSION = YES;
				CLANG_WARN_OBJC_ROOT_CLASS = YES_ERROR;
				CLANG_WARN_QUOTED_INCLUDE_IN_FRAMEWORK_HEADER = YES;
				CLANG_WARN_RANGE_LOOP_ANALYSIS = YES;
				CLANG_WARN_STRICT_PROTOTYPES = YES;
				CLANG_WARN_SUSPICIOUS_MOVE = YES;
				CLANG_WARN_UNGUARDED_AVAILABILITY = YES_AGGRESSIVE;
				CLANG_WARN_UNREACHABLE_CODE = YES;
				CLANG_WARN__DUPLICATE_METHOD_MATCH = YES;
				COPY_PHASE_STRIP = NO;
				DEBUG_INFORMATION_FORMAT = dwarf;
				ENABLE_STRICT_OBJC_MSGSEND = YES;
				ENABLE_TESTABILITY = YES;
				GCC_C_LANGUAGE_STANDARD = gnu11;
				GCC_DYNAMIC_NO_PIC = NO;
				GCC_NO_COMMON_BLOCKS = YES;
				GCC_OPTIMIZATION_LEVEL = 0;
				GCC_PREPROCESSOR_DEFINITIONS = (
					"DEBUG=1",
					"$(inherited)",
				);
				GCC_WARN_64_TO_32_BIT_CONVERSION = YES;
				GCC_WARN_ABOUT_RETURN_TYPE = YES_ERROR;
				GCC_WARN_UNDECLARED_SELECTOR = YES;
				GCC_WARN_UNINITIALIZED_AUTOS = YES_AGGRESSIVE;
				GCC_WARN_UNUSED_FUNCTION = YES;
				GCC_WARN_UNUSED_VARIABLE = YES;
				IPHONEOS_DEPLOYMENT_TARGET = 14.4;
				MTL_ENABLE_DEBUG_INFO = INCLUDE_SOURCE;
				MTL_FAST_MATH = YES;
				ONLY_ACTIVE_ARCH = YES;
				SDKROOT = iphoneos;
				SWIFT_ACTIVE_COMPILATION_CONDITIONS = DEBUG;
				SWIFT_OPTIMIZATION_LEVEL = "-Onone";
			};
			name = Debug;
		};
		498BBCC825E4015F00C0D065 /* Release */ = {
			isa = XCBuildConfiguration;
			buildSettings = {
				ALWAYS_SEARCH_USER_PATHS = NO;
				CLANG_ANALYZER_NONNULL = YES;
				CLANG_ANALYZER_NUMBER_OBJECT_CONVERSION = YES_AGGRESSIVE;
				CLANG_CXX_LANGUAGE_STANDARD = "gnu++14";
				CLANG_CXX_LIBRARY = "libc++";
				CLANG_ENABLE_MODULES = YES;
				CLANG_ENABLE_OBJC_ARC = YES;
				CLANG_ENABLE_OBJC_WEAK = YES;
				CLANG_WARN_BLOCK_CAPTURE_AUTORELEASING = YES;
				CLANG_WARN_BOOL_CONVERSION = YES;
				CLANG_WARN_COMMA = YES;
				CLANG_WARN_CONSTANT_CONVERSION = YES;
				CLANG_WARN_DEPRECATED_OBJC_IMPLEMENTATIONS = YES;
				CLANG_WARN_DIRECT_OBJC_ISA_USAGE = YES_ERROR;
				CLANG_WARN_DOCUMENTATION_COMMENTS = YES;
				CLANG_WARN_EMPTY_BODY = YES;
				CLANG_WARN_ENUM_CONVERSION = YES;
				CLANG_WARN_INFINITE_RECURSION = YES;
				CLANG_WARN_INT_CONVERSION = YES;
				CLANG_WARN_NON_LITERAL_NULL_CONVERSION = YES;
				CLANG_WARN_OBJC_IMPLICIT_RETAIN_SELF = YES;
				CLANG_WARN_OBJC_LITERAL_CONVERSION = YES;
				CLANG_WARN_OBJC_ROOT_CLASS = YES_ERROR;
				CLANG_WARN_QUOTED_INCLUDE_IN_FRAMEWORK_HEADER = YES;
				CLANG_WARN_RANGE_LOOP_ANALYSIS = YES;
				CLANG_WARN_STRICT_PROTOTYPES = YES;
				CLANG_WARN_SUSPICIOUS_MOVE = YES;
				CLANG_WARN_UNGUARDED_AVAILABILITY = YES_AGGRESSIVE;
				CLANG_WARN_UNREACHABLE_CODE = YES;
				CLANG_WARN__DUPLICATE_METHOD_MATCH = YES;
				COPY_PHASE_STRIP = NO;
				DEBUG_INFORMATION_FORMAT = "dwarf-with-dsym";
				ENABLE_NS_ASSERTIONS = NO;
				ENABLE_STRICT_OBJC_MSGSEND = YES;
				GCC_C_LANGUAGE_STANDARD = gnu11;
				GCC_NO_COMMON_BLOCKS = YES;
				GCC_WARN_64_TO_32_BIT_CONVERSION = YES;
				GCC_WARN_ABOUT_RETURN_TYPE = YES_ERROR;
				GCC_WARN_UNDECLARED_SELECTOR = YES;
				GCC_WARN_UNINITIALIZED_AUTOS = YES_AGGRESSIVE;
				GCC_WARN_UNUSED_FUNCTION = YES;
				GCC_WARN_UNUSED_VARIABLE = YES;
				IPHONEOS_DEPLOYMENT_TARGET = 14.4;
				MTL_ENABLE_DEBUG_INFO = NO;
				MTL_FAST_MATH = YES;
				SDKROOT = iphoneos;
				SWIFT_COMPILATION_MODE = wholemodule;
				SWIFT_OPTIMIZATION_LEVEL = "-O";
				VALIDATE_PRODUCT = YES;
			};
			name = Release;
		};
		498BBCCA25E4015F00C0D065 /* Debug */ = {
			isa = XCBuildConfiguration;
			buildSettings = {
				ASSETCATALOG_COMPILER_APPICON_NAME = AppIcon;
				ASSETCATALOG_COMPILER_GLOBAL_ACCENT_COLOR_NAME = AccentColor;
				CODE_SIGN_STYLE = Automatic;
				DEVELOPMENT_TEAM = NA6C9Y7864;
				INFOPLIST_FILE = "Contacts App/Supporting Files/Info.plist";
				LD_RUNPATH_SEARCH_PATHS = (
					"$(inherited)",
					"@executable_path/Frameworks",
				);
				PRODUCT_BUNDLE_IDENTIFIER = "ru.egor.skrutelev.Contacts-App";
				PRODUCT_NAME = "$(TARGET_NAME)";
				SWIFT_VERSION = 5.0;
				TARGETED_DEVICE_FAMILY = "1,2";
			};
			name = Debug;
		};
		498BBCCB25E4015F00C0D065 /* Release */ = {
			isa = XCBuildConfiguration;
			buildSettings = {
				ASSETCATALOG_COMPILER_APPICON_NAME = AppIcon;
				ASSETCATALOG_COMPILER_GLOBAL_ACCENT_COLOR_NAME = AccentColor;
				CODE_SIGN_STYLE = Automatic;
				DEVELOPMENT_TEAM = NA6C9Y7864;
				INFOPLIST_FILE = "Contacts App/Supporting Files/Info.plist";
				LD_RUNPATH_SEARCH_PATHS = (
					"$(inherited)",
					"@executable_path/Frameworks",
				);
				PRODUCT_BUNDLE_IDENTIFIER = "ru.egor.skrutelev.Contacts-App";
				PRODUCT_NAME = "$(TARGET_NAME)";
				SWIFT_VERSION = 5.0;
				TARGETED_DEVICE_FAMILY = "1,2";
			};
			name = Release;
		};
/* End XCBuildConfiguration section */

/* Begin XCConfigurationList section */
		498BBCB025E4015D00C0D065 /* Build configuration list for PBXProject "Contacts App" */ = {
			isa = XCConfigurationList;
			buildConfigurations = (
				498BBCC725E4015F00C0D065 /* Debug */,
				498BBCC825E4015F00C0D065 /* Release */,
			);
			defaultConfigurationIsVisible = 0;
			defaultConfigurationName = Release;
		};
		498BBCC925E4015F00C0D065 /* Build configuration list for PBXNativeTarget "Contacts App" */ = {
			isa = XCConfigurationList;
			buildConfigurations = (
				498BBCCA25E4015F00C0D065 /* Debug */,
				498BBCCB25E4015F00C0D065 /* Release */,
			);
			defaultConfigurationIsVisible = 0;
			defaultConfigurationName = Release;
		};
/* End XCConfigurationList section */
	};
	rootObject = 498BBCAD25E4015D00C0D065 /* Project object */;
}
